
Microsoft Visual Studio Solution File, Format Version 12.00
# Visual Studio Version 17
VisualStudioVersion = 17.0.31903.59
MinimumVisualStudioVersion = 10.0.40219.1
Project("{F2A71F9B-5D33-465A-A702-920D77279786}") = "MetaLang.Parser", "MetaLang.Parser\MetaLang.Parser.fsproj", "{5D092D6E-C781-48DC-9A69-BE832C9C1592}"
EndProject
Project("{F2A71F9B-5D33-465A-A702-920D77279786}") = "MetaLang.Cli", "MetaLang.Cli\MetaLang.Cli.fsproj", "{A4104141-ECEF-46B2-B626-BC24F9B0B0D2}"
EndProject
Project("{F2A71F9B-5D33-465A-A702-920D77279786}") = "MetaLang.Service", "MetaLang.Service\MetaLang.Service.fsproj", "{1ECD018F-9A31-44E5-9A28-47952811957E}"
EndProject
Project("{F2A71F9B-5D33-465A-A702-920D77279786}") = "MetaLang.ErrorHandling", "MetaLang.ErrorHandling\MetaLang.ErrorHandling.fsproj", "{447F8059-71C2-480B-9A4C-7AB87992ACB7}"
EndProject
Project("{F2A71F9B-5D33-465A-A702-920D77279786}") = "MetaLang.IR", "MetaLang.IR\MetaLang.IR.fsproj", "{9D171AFA-57F0-4CDD-8951-C87F7BA677AE}"
EndProject
Project("{F2A71F9B-5D33-465A-A702-920D77279786}") = "MetaLang.Sema", "MetaLang.Sema\MetaLang.Sema.fsproj", "{3FDEA530-4550-47CA-8574-2FC8F8688399}"
EndProject
Global
	GlobalSection(SolutionProperties) = preSolution
		HideSolutionNode = FALSE
	EndGlobalSection
	GlobalSection(SolutionConfigurationPlatforms) = preSolution
		Debug|Any CPU = Debug|Any CPU
		Debug|x64 = Debug|x64
		Debug|x86 = Debug|x86
		Release|Any CPU = Release|Any CPU
		Release|x64 = Release|x64
		Release|x86 = Release|x86
	EndGlobalSection
	GlobalSection(ProjectConfigurationPlatforms) = postSolution
		{5D092D6E-C781-48DC-9A69-BE832C9C1592}.Debug|Any CPU.ActiveCfg = Debug|Any CPU
		{5D092D6E-C781-48DC-9A69-BE832C9C1592}.Debug|Any CPU.Build.0 = Debug|Any CPU
		{5D092D6E-C781-48DC-9A69-BE832C9C1592}.Debug|x64.ActiveCfg = Debug|Any CPU
		{5D092D6E-C781-48DC-9A69-BE832C9C1592}.Debug|x64.Build.0 = Debug|Any CPU
		{5D092D6E-C781-48DC-9A69-BE832C9C1592}.Debug|x86.ActiveCfg = Debug|Any CPU
		{5D092D6E-C781-48DC-9A69-BE832C9C1592}.Debug|x86.Build.0 = Debug|Any CPU
		{5D092D6E-C781-48DC-9A69-BE832C9C1592}.Release|Any CPU.ActiveCfg = Release|Any CPU
		{5D092D6E-C781-48DC-9A69-BE832C9C1592}.Release|Any CPU.Build.0 = Release|Any CPU
		{5D092D6E-C781-48DC-9A69-BE832C9C1592}.Release|x64.ActiveCfg = Release|Any CPU
		{5D092D6E-C781-48DC-9A69-BE832C9C1592}.Release|x64.Build.0 = Release|Any CPU
		{5D092D6E-C781-48DC-9A69-BE832C9C1592}.Release|x86.ActiveCfg = Release|Any CPU
		{5D092D6E-C781-48DC-9A69-BE832C9C1592}.Release|x86.Build.0 = Release|Any CPU
		{A4104141-ECEF-46B2-B626-BC24F9B0B0D2}.Debug|Any CPU.ActiveCfg = Debug|Any CPU
		{A4104141-ECEF-46B2-B626-BC24F9B0B0D2}.Debug|Any CPU.Build.0 = Debug|Any CPU
		{A4104141-ECEF-46B2-B626-BC24F9B0B0D2}.Debug|x64.ActiveCfg = Debug|Any CPU
		{A4104141-ECEF-46B2-B626-BC24F9B0B0D2}.Debug|x64.Build.0 = Debug|Any CPU
		{A4104141-ECEF-46B2-B626-BC24F9B0B0D2}.Debug|x86.ActiveCfg = Debug|Any CPU
		{A4104141-ECEF-46B2-B626-BC24F9B0B0D2}.Debug|x86.Build.0 = Debug|Any CPU
		{A4104141-ECEF-46B2-B626-BC24F9B0B0D2}.Release|Any CPU.ActiveCfg = Release|Any CPU
		{A4104141-ECEF-46B2-B626-BC24F9B0B0D2}.Release|Any CPU.Build.0 = Release|Any CPU
		{A4104141-ECEF-46B2-B626-BC24F9B0B0D2}.Release|x64.ActiveCfg = Release|Any CPU
		{A4104141-ECEF-46B2-B626-BC24F9B0B0D2}.Release|x64.Build.0 = Release|Any CPU
		{A4104141-ECEF-46B2-B626-BC24F9B0B0D2}.Release|x86.ActiveCfg = Release|Any CPU
		{A4104141-ECEF-46B2-B626-BC24F9B0B0D2}.Release|x86.Build.0 = Release|Any CPU
		{202F5A1B-BD4B-42E5-872E-7FE38CFF193F}.Debug|Any CPU.ActiveCfg = Debug|Any CPU
		{202F5A1B-BD4B-42E5-872E-7FE38CFF193F}.Debug|Any CPU.Build.0 = Debug|Any CPU
		{202F5A1B-BD4B-42E5-872E-7FE38CFF193F}.Debug|x64.ActiveCfg = Debug|Any CPU
		{202F5A1B-BD4B-42E5-872E-7FE38CFF193F}.Debug|x64.Build.0 = Debug|Any CPU
		{202F5A1B-BD4B-42E5-872E-7FE38CFF193F}.Debug|x86.ActiveCfg = Debug|Any CPU
		{202F5A1B-BD4B-42E5-872E-7FE38CFF193F}.Debug|x86.Build.0 = Debug|Any CPU
		{202F5A1B-BD4B-42E5-872E-7FE38CFF193F}.Release|Any CPU.ActiveCfg = Release|Any CPU
		{202F5A1B-BD4B-42E5-872E-7FE38CFF193F}.Release|Any CPU.Build.0 = Release|Any CPU
		{202F5A1B-BD4B-42E5-872E-7FE38CFF193F}.Release|x64.ActiveCfg = Release|Any CPU
		{202F5A1B-BD4B-42E5-872E-7FE38CFF193F}.Release|x64.Build.0 = Release|Any CPU
		{202F5A1B-BD4B-42E5-872E-7FE38CFF193F}.Release|x86.ActiveCfg = Release|Any CPU
		{202F5A1B-BD4B-42E5-872E-7FE38CFF193F}.Release|x86.Build.0 = Release|Any CPU
		{1ECD018F-9A31-44E5-9A28-47952811957E}.Debug|Any CPU.ActiveCfg = Debug|Any CPU
		{1ECD018F-9A31-44E5-9A28-47952811957E}.Debug|Any CPU.Build.0 = Debug|Any CPU
		{1ECD018F-9A31-44E5-9A28-47952811957E}.Debug|x64.ActiveCfg = Debug|Any CPU
		{1ECD018F-9A31-44E5-9A28-47952811957E}.Debug|x64.Build.0 = Debug|Any CPU
		{1ECD018F-9A31-44E5-9A28-47952811957E}.Debug|x86.ActiveCfg = Debug|Any CPU
		{1ECD018F-9A31-44E5-9A28-47952811957E}.Debug|x86.Build.0 = Debug|Any CPU
		{1ECD018F-9A31-44E5-9A28-47952811957E}.Release|Any CPU.ActiveCfg = Release|Any CPU
		{1ECD018F-9A31-44E5-9A28-47952811957E}.Release|Any CPU.Build.0 = Release|Any CPU
		{1ECD018F-9A31-44E5-9A28-47952811957E}.Release|x64.ActiveCfg = Release|Any CPU
		{1ECD018F-9A31-44E5-9A28-47952811957E}.Release|x64.Build.0 = Release|Any CPU
		{1ECD018F-9A31-44E5-9A28-47952811957E}.Release|x86.ActiveCfg = Release|Any CPU
		{1ECD018F-9A31-44E5-9A28-47952811957E}.Release|x86.Build.0 = Release|Any CPU
		{447F8059-71C2-480B-9A4C-7AB87992ACB7}.Debug|Any CPU.ActiveCfg = Debug|Any CPU
		{447F8059-71C2-480B-9A4C-7AB87992ACB7}.Debug|Any CPU.Build.0 = Debug|Any CPU
		{447F8059-71C2-480B-9A4C-7AB87992ACB7}.Debug|x64.ActiveCfg = Debug|Any CPU
		{447F8059-71C2-480B-9A4C-7AB87992ACB7}.Debug|x64.Build.0 = Debug|Any CPU
		{447F8059-71C2-480B-9A4C-7AB87992ACB7}.Debug|x86.ActiveCfg = Debug|Any CPU
		{447F8059-71C2-480B-9A4C-7AB87992ACB7}.Debug|x86.Build.0 = Debug|Any CPU
		{447F8059-71C2-480B-9A4C-7AB87992ACB7}.Release|Any CPU.ActiveCfg = Release|Any CPU
		{447F8059-71C2-480B-9A4C-7AB87992ACB7}.Release|Any CPU.Build.0 = Release|Any CPU
		{447F8059-71C2-480B-9A4C-7AB87992ACB7}.Release|x64.ActiveCfg = Release|Any CPU
		{447F8059-71C2-480B-9A4C-7AB87992ACB7}.Release|x64.Build.0 = Release|Any CPU
		{447F8059-71C2-480B-9A4C-7AB87992ACB7}.Release|x86.ActiveCfg = Release|Any CPU
		{447F8059-71C2-480B-9A4C-7AB87992ACB7}.Release|x86.Build.0 = Release|Any CPU
		{9D171AFA-57F0-4CDD-8951-C87F7BA677AE}.Debug|Any CPU.ActiveCfg = Debug|Any CPU
		{9D171AFA-57F0-4CDD-8951-C87F7BA677AE}.Debug|Any CPU.Build.0 = Debug|Any CPU
		{9D171AFA-57F0-4CDD-8951-C87F7BA677AE}.Debug|x64.ActiveCfg = Debug|Any CPU
		{9D171AFA-57F0-4CDD-8951-C87F7BA677AE}.Debug|x64.Build.0 = Debug|Any CPU
		{9D171AFA-57F0-4CDD-8951-C87F7BA677AE}.Debug|x86.ActiveCfg = Debug|Any CPU
		{9D171AFA-57F0-4CDD-8951-C87F7BA677AE}.Debug|x86.Build.0 = Debug|Any CPU
		{9D171AFA-57F0-4CDD-8951-C87F7BA677AE}.Release|Any CPU.ActiveCfg = Release|Any CPU
		{9D171AFA-57F0-4CDD-8951-C87F7BA677AE}.Release|Any CPU.Build.0 = Release|Any CPU
		{9D171AFA-57F0-4CDD-8951-C87F7BA677AE}.Release|x64.ActiveCfg = Release|Any CPU
		{9D171AFA-57F0-4CDD-8951-C87F7BA677AE}.Release|x64.Build.0 = Release|Any CPU
		{9D171AFA-57F0-4CDD-8951-C87F7BA677AE}.Release|x86.ActiveCfg = Release|Any CPU
		{9D171AFA-57F0-4CDD-8951-C87F7BA677AE}.Release|x86.Build.0 = Release|Any CPU
		{3FDEA530-4550-47CA-8574-2FC8F8688399}.Debug|Any CPU.ActiveCfg = Debug|Any CPU
		{3FDEA530-4550-47CA-8574-2FC8F8688399}.Debug|Any CPU.Build.0 = Debug|Any CPU
		{3FDEA530-4550-47CA-8574-2FC8F8688399}.Debug|x64.ActiveCfg = Debug|Any CPU
		{3FDEA530-4550-47CA-8574-2FC8F8688399}.Debug|x64.Build.0 = Debug|Any CPU
		{3FDEA530-4550-47CA-8574-2FC8F8688399}.Debug|x86.ActiveCfg = Debug|Any CPU
		{3FDEA530-4550-47CA-8574-2FC8F8688399}.Debug|x86.Build.0 = Debug|Any CPU
		{3FDEA530-4550-47CA-8574-2FC8F8688399}.Release|Any CPU.ActiveCfg = Release|Any CPU
		{3FDEA530-4550-47CA-8574-2FC8F8688399}.Release|Any CPU.Build.0 = Release|Any CPU
		{3FDEA530-4550-47CA-8574-2FC8F8688399}.Release|x64.ActiveCfg = Release|Any CPU
		{3FDEA530-4550-47CA-8574-2FC8F8688399}.Release|x64.Build.0 = Release|Any CPU
		{3FDEA530-4550-47CA-8574-2FC8F8688399}.Release|x86.ActiveCfg = Release|Any CPU
		{3FDEA530-4550-47CA-8574-2FC8F8688399}.Release|x86.Build.0 = Release|Any CPU
	EndGlobalSection
EndGlobal
